
Microsoft Visual Studio Solution File, Format Version 12.00
# Visual Studio Version 17
VisualStudioVersion = 17.9.34728.123
MinimumVisualStudioVersion = 10.0.40219.1
Project("{9A19103F-16F7-4668-BE54-9A1E7A4F7556}") = "PhongLPHWPF", "PhongLPHWPF\PhongLPHWPF.csproj", "{BADC8DBA-A95D-4760-9C2C-9C6A1B8670B9}"
EndProject
Project("{FAE04EC0-301F-11D3-BF4B-00C04F79EFBC}") = "BussinessObject", "BussinessObject\BussinessObject.csproj", "{091DB664-0EC6-4312-A85D-CF5EC3B8707D}"
EndProject
Project("{FAE04EC0-301F-11D3-BF4B-00C04F79EFBC}") = "DataAccess", "DataAccess\DataAccess.csproj", "{96DD12E1-5CC3-40B1-A024-5DE8C23CF2D5}"
EndProject
Global
	GlobalSection(SolutionConfigurationPlatforms) = preSolution
		Debug|Any CPU = Debug|Any CPU
		Release|Any CPU = Release|Any CPU
	EndGlobalSection
	GlobalSection(ProjectConfigurationPlatforms) = postSolution
		{BADC8DBA-A95D-4760-9C2C-9C6A1B8670B9}.Debug|Any CPU.ActiveCfg = Debug|Any CPU
		{BADC8DBA-A95D-4760-9C2C-9C6A1B8670B9}.Debug|Any CPU.Build.0 = Debug|Any CPU
		{BADC8DBA-A95D-4760-9C2C-9C6A1B8670B9}.Release|Any CPU.ActiveCfg = Release|Any CPU
		{BADC8DBA-A95D-4760-9C2C-9C6A1B8670B9}.Release|Any CPU.Build.0 = Release|Any CPU
		{091DB664-0EC6-4312-A85D-CF5EC3B8707D}.Debug|Any CPU.ActiveCfg = Debug|Any CPU
		{091DB664-0EC6-4312-A85D-CF5EC3B8707D}.Debug|Any CPU.Build.0 = Debug|Any CPU
		{091DB664-0EC6-4312-A85D-CF5EC3B8707D}.Release|Any CPU.ActiveCfg = Release|Any CPU
		{091DB664-0EC6-4312-A85D-CF5EC3B8707D}.Release|Any CPU.Build.0 = Release|Any CPU
		{96DD12E1-5CC3-40B1-A024-5DE8C23CF2D5}.Debug|Any CPU.ActiveCfg = Debug|Any CPU
		{96DD12E1-5CC3-40B1-A024-5DE8C23CF2D5}.Debug|Any CPU.Build.0 = Debug|Any CPU
		{96DD12E1-5CC3-40B1-A024-5DE8C23CF2D5}.Release|Any CPU.ActiveCfg = Release|Any CPU
		{96DD12E1-5CC3-40B1-A024-5DE8C23CF2D5}.Release|Any CPU.Build.0 = Release|Any CPU
	EndGlobalSection
	GlobalSection(SolutionProperties) = preSolution
		HideSolutionNode = FALSE
	EndGlobalSection
	GlobalSection(ExtensibilityGlobals) = postSolution
		SolutionGuid = {91CC6FBD-D033-4DA7-9635-2C32E8896704}
	EndGlobalSection
EndGlobal
